
Microsoft Visual Studio Solution File, Format Version 12.00
# Visual Studio Version 16
VisualStudioVersion = 16.0.29926.136
MinimumVisualStudioVersion = 10.0.40219.1
Project("{FAE04EC0-301F-11D3-BF4B-00C04F79EFBC}") = "Poc.Log.Api", "Poc.Log.Api\Poc.Log.Api.csproj", "{E7CB0AB7-CDAE-4F0A-9511-EA1192273EFC}"
EndProject
Global
	GlobalSection(SolutionConfigurationPlatforms) = preSolution
		Debug|Any CPU = Debug|Any CPU
		Release|Any CPU = Release|Any CPU
	EndGlobalSection
	GlobalSection(ProjectConfigurationPlatforms) = postSolution
		{E7CB0AB7-CDAE-4F0A-9511-EA1192273EFC}.Debug|Any CPU.ActiveCfg = Debug|Any CPU
		{E7CB0AB7-CDAE-4F0A-9511-EA1192273EFC}.Debug|Any CPU.Build.0 = Debug|Any CPU
		{E7CB0AB7-CDAE-4F0A-9511-EA1192273EFC}.Release|Any CPU.ActiveCfg = Release|Any CPU
		{E7CB0AB7-CDAE-4F0A-9511-EA1192273EFC}.Release|Any CPU.Build.0 = Release|Any CPU
	EndGlobalSection
	GlobalSection(SolutionProperties) = preSolution
		HideSolutionNode = FALSE
	EndGlobalSection
	GlobalSection(ExtensibilityGlobals) = postSolution
		SolutionGuid = {D6C1B34A-82EF-407B-A876-8486F911519B}
	EndGlobalSection
EndGlobal
